
Microsoft Visual Studio Solution File, Format Version 12.00
# Visual Studio Version 16
VisualStudioVersion = 16.0.29306.81
MinimumVisualStudioVersion = 10.0.40219.1
Project("{FAE04EC0-301F-11D3-BF4B-00C04F79EFBC}") = "YoutubeSearch", "YoutubeSearch\YoutubeSearch.csproj", "{DFECE3E8-99D9-4652-B486-BEA1010329BA}"
EndProject
Project("{FAE04EC0-301F-11D3-BF4B-00C04F79EFBC}") = "ClientLUIS", "ClientLUIS\ClientLUIS.csproj", "{599ADEBD-A8C1-4CF7-9A34-92BE1C119B03}"
EndProject
Global
	GlobalSection(SolutionConfigurationPlatforms) = preSolution
		Debug|Any CPU = Debug|Any CPU
		Release|Any CPU = Release|Any CPU
	EndGlobalSection
	GlobalSection(ProjectConfigurationPlatforms) = postSolution
		{DFECE3E8-99D9-4652-B486-BEA1010329BA}.Debug|Any CPU.ActiveCfg = Debug|Any CPU
		{DFECE3E8-99D9-4652-B486-BEA1010329BA}.Debug|Any CPU.Build.0 = Debug|Any CPU
		{DFECE3E8-99D9-4652-B486-BEA1010329BA}.Release|Any CPU.ActiveCfg = Release|Any CPU
		{DFECE3E8-99D9-4652-B486-BEA1010329BA}.Release|Any CPU.Build.0 = Release|Any CPU
		{599ADEBD-A8C1-4CF7-9A34-92BE1C119B03}.Debug|Any CPU.ActiveCfg = Debug|Any CPU
		{599ADEBD-A8C1-4CF7-9A34-92BE1C119B03}.Debug|Any CPU.Build.0 = Debug|Any CPU
		{599ADEBD-A8C1-4CF7-9A34-92BE1C119B03}.Release|Any CPU.ActiveCfg = Release|Any CPU
		{599ADEBD-A8C1-4CF7-9A34-92BE1C119B03}.Release|Any CPU.Build.0 = Release|Any CPU
	EndGlobalSection
	GlobalSection(SolutionProperties) = preSolution
		HideSolutionNode = FALSE
	EndGlobalSection
	GlobalSection(ExtensibilityGlobals) = postSolution
		SolutionGuid = {13395EB2-DDA0-4F69-9576-7D0C043087E9}
	EndGlobalSection
	GlobalSection(MonoDevelopProperties) = preSolution
		Policies = $0
		$0.DotNetNamingPolicy = $1
		$1.DirectoryNamespaceAssociation = None
		$1.ResourceNamePolicy = FileFormatDefault
		version = 1.1
	EndGlobalSection
EndGlobal
